
Microsoft Visual Studio Solution File, Format Version 12.00
# Visual Studio Version 17
VisualStudioVersion = 17.14.36221.1 d17.14
MinimumVisualStudioVersion = 10.0.40219.1
Project("{FAE04EC0-301F-11D3-BF4B-00C04F79EFBC}") = "AntDesign.Docs.MCP", "AntDesign.Docs.MCP\AntDesign.Docs.MCP.csproj", "{62E0BF73-87B1-451E-BBB1-7B27A5D506A0}"
EndProject
Global
	GlobalSection(SolutionConfigurationPlatforms) = preSolution
		Debug|Any CPU = Debug|Any CPU
		Release|Any CPU = Release|Any CPU
	EndGlobalSection
	GlobalSection(ProjectConfigurationPlatforms) = postSolution
		{62E0BF73-87B1-451E-BBB1-7B27A5D506A0}.Debug|Any CPU.ActiveCfg = Debug|Any CPU
		{62E0BF73-87B1-451E-BBB1-7B27A5D506A0}.Debug|Any CPU.Build.0 = Debug|Any CPU
		{62E0BF73-87B1-451E-BBB1-7B27A5D506A0}.Release|Any CPU.ActiveCfg = Release|Any CPU
		{62E0BF73-87B1-451E-BBB1-7B27A5D506A0}.Release|Any CPU.Build.0 = Release|Any CPU
	EndGlobalSection
	GlobalSection(SolutionProperties) = preSolution
		HideSolutionNode = FALSE
	EndGlobalSection
	GlobalSection(ExtensibilityGlobals) = postSolution
		SolutionGuid = {636F518E-794D-4D84-BED0-AA87C84C2B52}
	EndGlobalSection
EndGlobal
